// !$*UTF8*$!
{
	archiveVersion = 1;
	classes = {
	};
	objectVersion = 46;
	objects = {

/* Begin PBXBuildFile section */
		043E132F181A9C080016649A /* MaintenanceViewController.mm in Sources */ = {isa = PBXBuildFile; fileRef = 043E132D181A9C080016649A /* MaintenanceViewController.mm */; };
		043E1330181A9C080016649A /* MaintenanceViewController.xib in Resources */ = {isa = PBXBuildFile; fileRef = 043E132E181A9C080016649A /* MaintenanceViewController.xib */; };
		043E1404181AC1C30016649A /* TBXML.m in Sources */ = {isa = PBXBuildFile; fileRef = 043E1403181AC1C30016649A /* TBXML.m */; };
		043E1407181AC2590016649A /* saveMethodes.m in Sources */ = {isa = PBXBuildFile; fileRef = 043E1406181AC2590016649A /* saveMethodes.m */; };
		043E140A181AC9A30016649A /* TBXMLFunctions.m in Sources */ = {isa = PBXBuildFile; fileRef = 043E1409181AC9A30016649A /* TBXMLFunctions.m */; };
		04F329E8172FCE8000910751 /* UIKit.framework in Frameworks */ = {isa = PBXBuildFile; fileRef = 04F329E7172FCE8000910751 /* UIKit.framework */; };
		04F329EA172FCE8000910751 /* Foundation.framework in Frameworks */ = {isa = PBXBuildFile; fileRef = 04F329E9172FCE8000910751 /* Foundation.framework */; };
		04F329EC172FCE8000910751 /* CoreGraphics.framework in Frameworks */ = {isa = PBXBuildFile; fileRef = 04F329EB172FCE8000910751 /* CoreGraphics.framework */; };
		04F329F2172FCE8000910751 /* InfoPlist.strings in Resources */ = {isa = PBXBuildFile; fileRef = 04F329F0172FCE8000910751 /* InfoPlist.strings */; };
		04F329F4172FCE8000910751 /* main.m in Sources */ = {isa = PBXBuildFile; fileRef = 04F329F3172FCE8000910751 /* main.m */; };
		04F329F8172FCE8000910751 /* AppDelegate.mm in Sources */ = {isa = PBXBuildFile; fileRef = 04F329F7172FCE8000910751 /* AppDelegate.mm */; };
		04F329FA172FCE8000910751 /* Default.png in Resources */ = {isa = PBXBuildFile; fileRef = 04F329F9172FCE8000910751 /* Default.png */; };
		04F329FC172FCE8000910751 /* Default@2x.png in Resources */ = {isa = PBXBuildFile; fileRef = 04F329FB172FCE8000910751 /* Default@2x.png */; };
		04F329FE172FCE8000910751 /* Default-568h@2x.png in Resources */ = {isa = PBXBuildFile; fileRef = 04F329FD172FCE8000910751 /* Default-568h@2x.png */; };
		04F32A01172FCE8000910751 /* ViewController.mm in Sources */ = {isa = PBXBuildFile; fileRef = 04F32A00172FCE8000910751 /* ViewController.mm */; };
		04F32A04172FCE8000910751 /* ViewController_iPhone.xib in Resources */ = {isa = PBXBuildFile; fileRef = 04F32A02172FCE8000910751 /* ViewController_iPhone.xib */; };
		04F32A07172FCE8000910751 /* ViewController_iPad.xib in Resources */ = {isa = PBXBuildFile; fileRef = 04F32A05172FCE8000910751 /* ViewController_iPad.xib */; };
		04F32A12172FCEB200910751 /* CoreAudio.framework in Frameworks */ = {isa = PBXBuildFile; fileRef = 04F32A0D172FCEB200910751 /* CoreAudio.framework */; };
		04F32A13172FCEB200910751 /* CoreLocation.framework in Frameworks */ = {isa = PBXBuildFile; fileRef = 04F32A0E172FCEB200910751 /* CoreLocation.framework */; };
		04F32A14172FCEB200910751 /* CoreMedia.framework in Frameworks */ = {isa = PBXBuildFile; fileRef = 04F32A0F172FCEB200910751 /* CoreMedia.framework */; };
		04F32A15172FCEB200910751 /* CoreMotion.framework in Frameworks */ = {isa = PBXBuildFile; fileRef = 04F32A10172FCEB200910751 /* CoreMotion.framework */; };
		04F32A16172FCEB200910751 /* CoreVideo.framework in Frameworks */ = {isa = PBXBuildFile; fileRef = 04F32A11172FCEB200910751 /* CoreVideo.framework */; };
		04F32A18172FCEBA00910751 /* OpenGLES.framework in Frameworks */ = {isa = PBXBuildFile; fileRef = 04F32A17172FCEBA00910751 /* OpenGLES.framework */; };
		04F32A1A172FCEC900910751 /* AVFoundation.framework in Frameworks */ = {isa = PBXBuildFile; fileRef = 04F32A19172FCEC900910751 /* AVFoundation.framework */; };
		04F32A1C172FCED000910751 /* QuartzCore.framework in Frameworks */ = {isa = PBXBuildFile; fileRef = 04F32A1B172FCED000910751 /* QuartzCore.framework */; };
		04F32A1E172FCEEF00910751 /* libz.dylib in Frameworks */ = {isa = PBXBuildFile; fileRef = 04F32A1D172FCEEF00910751 /* libz.dylib */; };
		04F32A20172FCEFE00910751 /* libxml2.dylib in Frameworks */ = {isa = PBXBuildFile; fileRef = 04F32A1F172FCEFE00910751 /* libxml2.dylib */; };
		04F32A22172FCF0E00910751 /* AudioToolbox.framework in Frameworks */ = {isa = PBXBuildFile; fileRef = 04F32A21172FCF0E00910751 /* AudioToolbox.framework */; };
		8C64837E18182E850092FC31 /* _empty_.obj in Resources */ = {isa = PBXBuildFile; fileRef = 8C64837D18182E850092FC31 /* _empty_.obj */; };
		8C77542A1811982700CFC082 /* Assets in Resources */ = {isa = PBXBuildFile; fileRef = 8C7754291811982700CFC082 /* Assets */; };
		8CD9AFFF1812F3CC00430299 /* shader_materials.xml in Resources */ = {isa = PBXBuildFile; fileRef = 8CD9AFFC1812F3CC00430299 /* shader_materials.xml */; };
		8CD9B0001812F3CC00430299 /* vert.glsl in Resources */ = {isa = PBXBuildFile; fileRef = 8CD9AFFD1812F3CC00430299 /* vert.glsl */; };
		8CD9B0031812F8CC00430299 /* fragGREEN.glsl in Resources */ = {isa = PBXBuildFile; fileRef = 8CD9B0011812F8CC00430299 /* fragGREEN.glsl */; };
		8CD9B0041812F8CC00430299 /* fragRED.glsl in Resources */ = {isa = PBXBuildFile; fileRef = 8CD9B0021812F8CC00430299 /* fragRED.glsl */; };
		8CF18B67180ADF9B00723F91 /* metaioSDK.framework in Frameworks */ = {isa = PBXBuildFile; fileRef = 8CF18B66180ADF9B00723F91 /* metaioSDK.framework */; };
		8CF18B6E180AE58C00723F91 /* EAGLView.mm in Sources */ = {isa = PBXBuildFile; fileRef = 8CF18B6B180AE58C00723F91 /* EAGLView.mm */; };
		8CF18B6F180AE58C00723F91 /* MetaioSDKViewController.mm in Sources */ = {isa = PBXBuildFile; fileRef = 8CF18B6D180AE58C00723F91 /* MetaioSDKViewController.mm */; };
		C5F2467F177C38DA00EB88A8 /* Security.framework in Frameworks */ = {isa = PBXBuildFile; fileRef = C5F2467E177C38DA00EB88A8 /* Security.framework */; };
		C5F24681177C38F300EB88A8 /* CFNetwork.framework in Frameworks */ = {isa = PBXBuildFile; fileRef = C5F24680177C38F300EB88A8 /* CFNetwork.framework */; };
/* End PBXBuildFile section */

/* Begin PBXFileReference section */
		043E132C181A9C080016649A /* MaintenanceViewController.h */ = {isa = PBXFileReference; fileEncoding = 4; lastKnownFileType = sourcecode.c.h; path = MaintenanceViewController.h; sourceTree = "<group>"; };
		043E132D181A9C080016649A /* MaintenanceViewController.mm */ = {isa = PBXFileReference; fileEncoding = 4; lastKnownFileType = sourcecode.cpp.objcpp; path = MaintenanceViewController.mm; sourceTree = "<group>"; };
		043E132E181A9C080016649A /* MaintenanceViewController.xib */ = {isa = PBXFileReference; fileEncoding = 4; lastKnownFileType = file.xib; path = MaintenanceViewController.xib; sourceTree = "<group>"; };
		043E1402181AC1C30016649A /* TBXML.h */ = {isa = PBXFileReference; fileEncoding = 4; lastKnownFileType = sourcecode.c.h; path = TBXML.h; sourceTree = "<group>"; };
		043E1403181AC1C30016649A /* TBXML.m */ = {isa = PBXFileReference; fileEncoding = 4; lastKnownFileType = sourcecode.c.objc; path = TBXML.m; sourceTree = "<group>"; };
		043E1406181AC2590016649A /* saveMethodes.m */ = {isa = PBXFileReference; fileEncoding = 4; lastKnownFileType = sourcecode.c.objc; path = saveMethodes.m; sourceTree = "<group>"; };
		043E1408181AC9A30016649A /* TBXMLFunctions.h */ = {isa = PBXFileReference; fileEncoding = 4; lastKnownFileType = sourcecode.c.h; path = TBXMLFunctions.h; sourceTree = "<group>"; };
		043E1409181AC9A30016649A /* TBXMLFunctions.m */ = {isa = PBXFileReference; fileEncoding = 4; lastKnownFileType = sourcecode.c.objc; path = TBXMLFunctions.m; sourceTree = "<group>"; };
		04F329E4172FCE8000910751 /* itmAR.app */ = {isa = PBXFileReference; explicitFileType = wrapper.application; includeInIndex = 0; path = itmAR.app; sourceTree = BUILT_PRODUCTS_DIR; };
		04F329E7172FCE8000910751 /* UIKit.framework */ = {isa = PBXFileReference; lastKnownFileType = wrapper.framework; name = UIKit.framework; path = System/Library/Frameworks/UIKit.framework; sourceTree = SDKROOT; };
		04F329E9172FCE8000910751 /* Foundation.framework */ = {isa = PBXFileReference; lastKnownFileType = wrapper.framework; name = Foundation.framework; path = System/Library/Frameworks/Foundation.framework; sourceTree = SDKROOT; };
		04F329EB172FCE8000910751 /* CoreGraphics.framework */ = {isa = PBXFileReference; lastKnownFileType = wrapper.framework; name = CoreGraphics.framework; path = System/Library/Frameworks/CoreGraphics.framework; sourceTree = SDKROOT; };
		04F329EF172FCE8000910751 /* Template-Info.plist */ = {isa = PBXFileReference; lastKnownFileType = text.plist.xml; path = "Template-Info.plist"; sourceTree = "<group>"; };
		04F329F1172FCE8000910751 /* en */ = {isa = PBXFileReference; lastKnownFileType = text.plist.strings; name = en; path = en.lproj/InfoPlist.strings; sourceTree = "<group>"; };
		04F329F3172FCE8000910751 /* main.m */ = {isa = PBXFileReference; lastKnownFileType = sourcecode.c.objc; path = main.m; sourceTree = "<group>"; };
		04F329F5172FCE8000910751 /* Template-Prefix.pch */ = {isa = PBXFileReference; lastKnownFileType = sourcecode.c.h; path = "Template-Prefix.pch"; sourceTree = "<group>"; };
		04F329F6172FCE8000910751 /* AppDelegate.h */ = {isa = PBXFileReference; lastKnownFileType = sourcecode.c.h; path = AppDelegate.h; sourceTree = "<group>"; };
		04F329F7172FCE8000910751 /* AppDelegate.mm */ = {isa = PBXFileReference; lastKnownFileType = sourcecode.cpp.objcpp; path = AppDelegate.mm; sourceTree = "<group>"; };
		04F329F9172FCE8000910751 /* Default.png */ = {isa = PBXFileReference; lastKnownFileType = image.png; path = Default.png; sourceTree = "<group>"; };
		04F329FB172FCE8000910751 /* Default@2x.png */ = {isa = PBXFileReference; lastKnownFileType = image.png; path = "Default@2x.png"; sourceTree = "<group>"; };
		04F329FD172FCE8000910751 /* Default-568h@2x.png */ = {isa = PBXFileReference; lastKnownFileType = image.png; path = "Default-568h@2x.png"; sourceTree = "<group>"; };
		04F329FF172FCE8000910751 /* ViewController.h */ = {isa = PBXFileReference; lastKnownFileType = sourcecode.c.h; path = ViewController.h; sourceTree = "<group>"; };
		04F32A00172FCE8000910751 /* ViewController.mm */ = {isa = PBXFileReference; lastKnownFileType = sourcecode.cpp.objcpp; path = ViewController.mm; sourceTree = "<group>"; };
		04F32A03172FCE8000910751 /* en */ = {isa = PBXFileReference; lastKnownFileType = file.xib; name = en; path = en.lproj/ViewController_iPhone.xib; sourceTree = "<group>"; };
		04F32A06172FCE8000910751 /* en */ = {isa = PBXFileReference; lastKnownFileType = file.xib; name = en; path = en.lproj/ViewController_iPad.xib; sourceTree = "<group>"; };
		04F32A0D172FCEB200910751 /* CoreAudio.framework */ = {isa = PBXFileReference; lastKnownFileType = wrapper.framework; name = CoreAudio.framework; path = System/Library/Frameworks/CoreAudio.framework; sourceTree = SDKROOT; };
		04F32A0E172FCEB200910751 /* CoreLocation.framework */ = {isa = PBXFileReference; lastKnownFileType = wrapper.framework; name = CoreLocation.framework; path = System/Library/Frameworks/CoreLocation.framework; sourceTree = SDKROOT; };
		04F32A0F172FCEB200910751 /* CoreMedia.framework */ = {isa = PBXFileReference; lastKnownFileType = wrapper.framework; name = CoreMedia.framework; path = System/Library/Frameworks/CoreMedia.framework; sourceTree = SDKROOT; };
		04F32A10172FCEB200910751 /* CoreMotion.framework */ = {isa = PBXFileReference; lastKnownFileType = wrapper.framework; name = CoreMotion.framework; path = System/Library/Frameworks/CoreMotion.framework; sourceTree = SDKROOT; };
		04F32A11172FCEB200910751 /* CoreVideo.framework */ = {isa = PBXFileReference; lastKnownFileType = wrapper.framework; name = CoreVideo.framework; path = System/Library/Frameworks/CoreVideo.framework; sourceTree = SDKROOT; };
		04F32A17172FCEBA00910751 /* OpenGLES.framework */ = {isa = PBXFileReference; lastKnownFileType = wrapper.framework; name = OpenGLES.framework; path = System/Library/Frameworks/OpenGLES.framework; sourceTree = SDKROOT; };
		04F32A19172FCEC900910751 /* AVFoundation.framework */ = {isa = PBXFileReference; lastKnownFileType = wrapper.framework; name = AVFoundation.framework; path = System/Library/Frameworks/AVFoundation.framework; sourceTree = SDKROOT; };
		04F32A1B172FCED000910751 /* QuartzCore.framework */ = {isa = PBXFileReference; lastKnownFileType = wrapper.framework; name = QuartzCore.framework; path = System/Library/Frameworks/QuartzCore.framework; sourceTree = SDKROOT; };
		04F32A1D172FCEEF00910751 /* libz.dylib */ = {isa = PBXFileReference; lastKnownFileType = "compiled.mach-o.dylib"; name = libz.dylib; path = usr/lib/libz.dylib; sourceTree = SDKROOT; };
		04F32A1F172FCEFE00910751 /* libxml2.dylib */ = {isa = PBXFileReference; lastKnownFileType = "compiled.mach-o.dylib"; name = libxml2.dylib; path = usr/lib/libxml2.dylib; sourceTree = SDKROOT; };
		04F32A21172FCF0E00910751 /* AudioToolbox.framework */ = {isa = PBXFileReference; lastKnownFileType = wrapper.framework; name = AudioToolbox.framework; path = System/Library/Frameworks/AudioToolbox.framework; sourceTree = SDKROOT; };
		8C64837D18182E850092FC31 /* _empty_.obj */ = {isa = PBXFileReference; fileEncoding = 4; lastKnownFileType = text; path = _empty_.obj; sourceTree = "<group>"; };
		8C7754291811982700CFC082 /* Assets */ = {isa = PBXFileReference; lastKnownFileType = folder; path = Assets; sourceTree = "<group>"; };
		8CD9AFFC1812F3CC00430299 /* shader_materials.xml */ = {isa = PBXFileReference; fileEncoding = 4; lastKnownFileType = text.xml; path = shader_materials.xml; sourceTree = "<group>"; };
		8CD9AFFD1812F3CC00430299 /* vert.glsl */ = {isa = PBXFileReference; fileEncoding = 4; lastKnownFileType = text; path = vert.glsl; sourceTree = "<group>"; };
		8CD9B0011812F8CC00430299 /* fragGREEN.glsl */ = {isa = PBXFileReference; fileEncoding = 4; lastKnownFileType = text; path = fragGREEN.glsl; sourceTree = "<group>"; };
		8CD9B0021812F8CC00430299 /* fragRED.glsl */ = {isa = PBXFileReference; fileEncoding = 4; lastKnownFileType = text; path = fragRED.glsl; sourceTree = "<group>"; };
		8CF18B66180ADF9B00723F91 /* metaioSDK.framework */ = {isa = PBXFileReference; lastKnownFileType = wrapper.framework; path = metaioSDK.framework; sourceTree = "<group>"; };
		8CF18B6A180AE58C00723F91 /* EAGLView.h */ = {isa = PBXFileReference; fileEncoding = 4; lastKnownFileType = sourcecode.c.h; path = EAGLView.h; sourceTree = "<group>"; };
		8CF18B6B180AE58C00723F91 /* EAGLView.mm */ = {isa = PBXFileReference; fileEncoding = 4; lastKnownFileType = sourcecode.cpp.objcpp; path = EAGLView.mm; sourceTree = "<group>"; };
		8CF18B6C180AE58C00723F91 /* MetaioSDKViewController.h */ = {isa = PBXFileReference; fileEncoding = 4; lastKnownFileType = sourcecode.c.h; path = MetaioSDKViewController.h; sourceTree = "<group>"; };
		8CF18B6D180AE58C00723F91 /* MetaioSDKViewController.mm */ = {isa = PBXFileReference; fileEncoding = 4; lastKnownFileType = sourcecode.cpp.objcpp; path = MetaioSDKViewController.mm; sourceTree = "<group>"; };
		C5F2467E177C38DA00EB88A8 /* Security.framework */ = {isa = PBXFileReference; lastKnownFileType = wrapper.framework; name = Security.framework; path = System/Library/Frameworks/Security.framework; sourceTree = SDKROOT; };
		C5F24680177C38F300EB88A8 /* CFNetwork.framework */ = {isa = PBXFileReference; lastKnownFileType = wrapper.framework; name = CFNetwork.framework; path = System/Library/Frameworks/CFNetwork.framework; sourceTree = SDKROOT; };
/* End PBXFileReference section */

/* Begin PBXFrameworksBuildPhase section */
		04F329E1172FCE8000910751 /* Frameworks */ = {
			isa = PBXFrameworksBuildPhase;
			buildActionMask = 2147483647;
			files = (
				C5F24681177C38F300EB88A8 /* CFNetwork.framework in Frameworks */,
				C5F2467F177C38DA00EB88A8 /* Security.framework in Frameworks */,
				04F32A22172FCF0E00910751 /* AudioToolbox.framework in Frameworks */,
				04F32A20172FCEFE00910751 /* libxml2.dylib in Frameworks */,
				04F32A1E172FCEEF00910751 /* libz.dylib in Frameworks */,
				04F32A1C172FCED000910751 /* QuartzCore.framework in Frameworks */,
				04F32A1A172FCEC900910751 /* AVFoundation.framework in Frameworks */,
				04F32A18172FCEBA00910751 /* OpenGLES.framework in Frameworks */,
				04F32A12172FCEB200910751 /* CoreAudio.framework in Frameworks */,
				8CF18B67180ADF9B00723F91 /* metaioSDK.framework in Frameworks */,
				04F32A13172FCEB200910751 /* CoreLocation.framework in Frameworks */,
				04F32A14172FCEB200910751 /* CoreMedia.framework in Frameworks */,
				04F32A15172FCEB200910751 /* CoreMotion.framework in Frameworks */,
				04F32A16172FCEB200910751 /* CoreVideo.framework in Frameworks */,
				04F329E8172FCE8000910751 /* UIKit.framework in Frameworks */,
				04F329EA172FCE8000910751 /* Foundation.framework in Frameworks */,
				04F329EC172FCE8000910751 /* CoreGraphics.framework in Frameworks */,
			);
			runOnlyForDeploymentPostprocessing = 0;
		};
/* End PBXFrameworksBuildPhase section */

/* Begin PBXGroup section */
		043E1331181A9C0E0016649A /* MaintenenceController */ = {
			isa = PBXGroup;
			children = (
				8C64837D18182E850092FC31 /* _empty_.obj */,
				043E132C181A9C080016649A /* MaintenanceViewController.h */,
				043E132D181A9C080016649A /* MaintenanceViewController.mm */,
				043E132E181A9C080016649A /* MaintenanceViewController.xib */,
			);
			name = MaintenenceController;
			sourceTree = "<group>";
		};
		04F329DB172FCE8000910751 = {
			isa = PBXGroup;
			children = (
				043E1331181A9C0E0016649A /* MaintenenceController */,
				8C7754291811982700CFC082 /* Assets */,
				8C64837A18180E450092FC31 /* TBXML */,
				04F32A27172FD05400910751 /* Metaio */,
				04F329ED172FCE8000910751 /* Template */,
				04F329E6172FCE8000910751 /* Frameworks */,
				04F329E5172FCE8000910751 /* Products */,
			);
			sourceTree = "<group>";
		};
		04F329E5172FCE8000910751 /* Products */ = {
			isa = PBXGroup;
			children = (
				04F329E4172FCE8000910751 /* itmAR.app */,
			);
			name = Products;
			sourceTree = "<group>";
		};
		04F329E6172FCE8000910751 /* Frameworks */ = {
			isa = PBXGroup;
			children = (
				8CF18B66180ADF9B00723F91 /* metaioSDK.framework */,
				C5F24680177C38F300EB88A8 /* CFNetwork.framework */,
				C5F2467E177C38DA00EB88A8 /* Security.framework */,
				04F32A21172FCF0E00910751 /* AudioToolbox.framework */,
				04F32A1F172FCEFE00910751 /* libxml2.dylib */,
				04F32A1D172FCEEF00910751 /* libz.dylib */,
				04F32A1B172FCED000910751 /* QuartzCore.framework */,
				04F32A19172FCEC900910751 /* AVFoundation.framework */,
				04F32A17172FCEBA00910751 /* OpenGLES.framework */,
				04F32A0D172FCEB200910751 /* CoreAudio.framework */,
				04F32A0E172FCEB200910751 /* CoreLocation.framework */,
				04F32A0F172FCEB200910751 /* CoreMedia.framework */,
				04F32A10172FCEB200910751 /* CoreMotion.framework */,
				04F32A11172FCEB200910751 /* CoreVideo.framework */,
				04F329E7172FCE8000910751 /* UIKit.framework */,
				04F329E9172FCE8000910751 /* Foundation.framework */,
				04F329EB172FCE8000910751 /* CoreGraphics.framework */,
			);
			name = Frameworks;
			sourceTree = "<group>";
		};
		04F329ED172FCE8000910751 /* Template */ = {
			isa = PBXGroup;
			children = (
				04F329F6172FCE8000910751 /* AppDelegate.h */,
				04F329F7172FCE8000910751 /* AppDelegate.mm */,
				04F329FF172FCE8000910751 /* ViewController.h */,
				04F32A00172FCE8000910751 /* ViewController.mm */,
				04F32A02172FCE8000910751 /* ViewController_iPhone.xib */,
				04F32A05172FCE8000910751 /* ViewController_iPad.xib */,
				04F329EE172FCE8000910751 /* Supporting Files */,
			);
			path = Template;
			sourceTree = "<group>";
		};
		04F329EE172FCE8000910751 /* Supporting Files */ = {
			isa = PBXGroup;
			children = (
				04F329EF172FCE8000910751 /* Template-Info.plist */,
				04F329F0172FCE8000910751 /* InfoPlist.strings */,
				04F329F3172FCE8000910751 /* main.m */,
				04F329F5172FCE8000910751 /* Template-Prefix.pch */,
				04F329F9172FCE8000910751 /* Default.png */,
				04F329FB172FCE8000910751 /* Default@2x.png */,
				04F329FD172FCE8000910751 /* Default-568h@2x.png */,
			);
			name = "Supporting Files";
			sourceTree = "<group>";
		};
		04F32A27172FD05400910751 /* Metaio */ = {
			isa = PBXGroup;
			children = (
				8CD9AFFA1812F3CC00430299 /* Shaders */,
				8CF18B6A180AE58C00723F91 /* EAGLView.h */,
				8CF18B6B180AE58C00723F91 /* EAGLView.mm */,
				8CF18B6C180AE58C00723F91 /* MetaioSDKViewController.h */,
				8CF18B6D180AE58C00723F91 /* MetaioSDKViewController.mm */,
			);
			name = Metaio;
			sourceTree = "<group>";
		};
		8C64837A18180E450092FC31 /* TBXML */ = {
			isa = PBXGroup;
			children = (
				043E1402181AC1C30016649A /* TBXML.h */,
				043E1403181AC1C30016649A /* TBXML.m */,
				043E1406181AC2590016649A /* saveMethodes.m */,
				043E1408181AC9A30016649A /* TBXMLFunctions.h */,
				043E1409181AC9A30016649A /* TBXMLFunctions.m */,
			);
			name = TBXML;
			sourceTree = "<group>";
		};
		8CD9AFFA1812F3CC00430299 /* Shaders */ = {
			isa = PBXGroup;
			children = (
				8CD9B0011812F8CC00430299 /* fragGREEN.glsl */,
				8CD9B0021812F8CC00430299 /* fragRED.glsl */,
				8CD9AFFC1812F3CC00430299 /* shader_materials.xml */,
				8CD9AFFD1812F3CC00430299 /* vert.glsl */,
			);
			path = Shaders;
			sourceTree = "<group>";
		};
/* End PBXGroup section */

/* Begin PBXNativeTarget section */
		04F329E3172FCE8000910751 /* Template */ = {
			isa = PBXNativeTarget;
			buildConfigurationList = 04F32A0A172FCE8000910751 /* Build configuration list for PBXNativeTarget "Template" */;
			buildPhases = (
				04F329E0172FCE8000910751 /* Sources */,
				04F329E1172FCE8000910751 /* Frameworks */,
				04F329E2172FCE8000910751 /* Resources */,
			);
			buildRules = (
			);
			dependencies = (
			);
			name = Template;
			productName = Template;
			productReference = 04F329E4172FCE8000910751 /* itmAR.app */;
			productType = "com.apple.product-type.application";
		};
/* End PBXNativeTarget section */

/* Begin PBXProject section */
		04F329DC172FCE8000910751 /* Project object */ = {
			isa = PBXProject;
			attributes = {
				LastUpgradeCheck = 0500;
				ORGANIZATIONNAME = itm;
			};
			buildConfigurationList = 04F329DF172FCE8000910751 /* Build configuration list for PBXProject "Template" */;
			compatibilityVersion = "Xcode 3.2";
			developmentRegion = English;
			hasScannedForEncodings = 0;
			knownRegions = (
				en,
			);
			mainGroup = 04F329DB172FCE8000910751;
			productRefGroup = 04F329E5172FCE8000910751 /* Products */;
			projectDirPath = "";
			projectRoot = "";
			targets = (
				04F329E3172FCE8000910751 /* Template */,
			);
		};
/* End PBXProject section */

/* Begin PBXResourcesBuildPhase section */
		04F329E2172FCE8000910751 /* Resources */ = {
			isa = PBXResourcesBuildPhase;
			buildActionMask = 2147483647;
			files = (
				04F329F2172FCE8000910751 /* InfoPlist.strings in Resources */,
				8CD9B0041812F8CC00430299 /* fragRED.glsl in Resources */,
				04F329FA172FCE8000910751 /* Default.png in Resources */,
				04F329FC172FCE8000910751 /* Default@2x.png in Resources */,
				8CD9B0031812F8CC00430299 /* fragGREEN.glsl in Resources */,
				8C64837E18182E850092FC31 /* _empty_.obj in Resources */,
				04F329FE172FCE8000910751 /* Default-568h@2x.png in Resources */,
				043E1330181A9C080016649A /* MaintenanceViewController.xib in Resources */,
				8CD9AFFF1812F3CC00430299 /* shader_materials.xml in Resources */,
				04F32A04172FCE8000910751 /* ViewController_iPhone.xib in Resources */,
				04F32A07172FCE8000910751 /* ViewController_iPad.xib in Resources */,
				8CD9B0001812F3CC00430299 /* vert.glsl in Resources */,
				8C77542A1811982700CFC082 /* Assets in Resources */,
			);
			runOnlyForDeploymentPostprocessing = 0;
		};
/* End PBXResourcesBuildPhase section */

/* Begin PBXSourcesBuildPhase section */
		04F329E0172FCE8000910751 /* Sources */ = {
			isa = PBXSourcesBuildPhase;
			buildActionMask = 2147483647;
			files = (
				043E132F181A9C080016649A /* MaintenanceViewController.mm in Sources */,
				043E1407181AC2590016649A /* saveMethodes.m in Sources */,
				04F329F4172FCE8000910751 /* main.m in Sources */,
				8CF18B6F180AE58C00723F91 /* MetaioSDKViewController.mm in Sources */,
				04F329F8172FCE8000910751 /* AppDelegate.mm in Sources */,
				04F32A01172FCE8000910751 /* ViewController.mm in Sources */,
				8CF18B6E180AE58C00723F91 /* EAGLView.mm in Sources */,
				043E140A181AC9A30016649A /* TBXMLFunctions.m in Sources */,
				043E1404181AC1C30016649A /* TBXML.m in Sources */,
			);
			runOnlyForDeploymentPostprocessing = 0;
		};
/* End PBXSourcesBuildPhase section */

/* Begin PBXVariantGroup section */
		04F329F0172FCE8000910751 /* InfoPlist.strings */ = {
			isa = PBXVariantGroup;
			children = (
				04F329F1172FCE8000910751 /* en */,
			);
			name = InfoPlist.strings;
			sourceTree = "<group>";
		};
		04F32A02172FCE8000910751 /* ViewController_iPhone.xib */ = {
			isa = PBXVariantGroup;
			children = (
				04F32A03172FCE8000910751 /* en */,
			);
			name = ViewController_iPhone.xib;
			sourceTree = "<group>";
		};
		04F32A05172FCE8000910751 /* ViewController_iPad.xib */ = {
			isa = PBXVariantGroup;
			children = (
				04F32A06172FCE8000910751 /* en */,
			);
			name = ViewController_iPad.xib;
			sourceTree = "<group>";
		};
/* End PBXVariantGroup section */

/* Begin XCBuildConfiguration section */
		04F32A08172FCE8000910751 /* Debug */ = {
			isa = XCBuildConfiguration;
			buildSettings = {
				ALWAYS_SEARCH_USER_PATHS = NO;
				CLANG_CXX_LANGUAGE_STANDARD = "gnu++0x";
				CLANG_CXX_LIBRARY = "libc++";
				CLANG_ENABLE_OBJC_ARC = YES;
				CLANG_WARN_CONSTANT_CONVERSION = YES;
				CLANG_WARN_EMPTY_BODY = YES;
				CLANG_WARN_ENUM_CONVERSION = YES;
				CLANG_WARN_INT_CONVERSION = YES;
				CLANG_WARN__DUPLICATE_METHOD_MATCH = YES;
				"CODE_SIGN_IDENTITY[sdk=iphoneos*]" = "iPhone Developer";
				COPY_PHASE_STRIP = NO;
				GCC_C_LANGUAGE_STANDARD = gnu99;
				GCC_DYNAMIC_NO_PIC = NO;
				GCC_OPTIMIZATION_LEVEL = 0;
				GCC_PREPROCESSOR_DEFINITIONS = (
					"DEBUG=1",
					"$(inherited)",
				);
				GCC_SYMBOLS_PRIVATE_EXTERN = NO;
				GCC_WARN_ABOUT_RETURN_TYPE = YES;
				GCC_WARN_UNINITIALIZED_AUTOS = YES;
				GCC_WARN_UNUSED_VARIABLE = YES;
				IPHONEOS_DEPLOYMENT_TARGET = 6.1;
				ONLY_ACTIVE_ARCH = YES;
				SDKROOT = iphoneos;
				TARGETED_DEVICE_FAMILY = "1,2";
			};
			name = Debug;
		};
		04F32A09172FCE8000910751 /* Release */ = {
			isa = XCBuildConfiguration;
			buildSettings = {
				ALWAYS_SEARCH_USER_PATHS = NO;
				CLANG_CXX_LANGUAGE_STANDARD = "gnu++0x";
				CLANG_CXX_LIBRARY = "libc++";
				CLANG_ENABLE_OBJC_ARC = YES;
				CLANG_WARN_CONSTANT_CONVERSION = YES;
				CLANG_WARN_EMPTY_BODY = YES;
				CLANG_WARN_ENUM_CONVERSION = YES;
				CLANG_WARN_INT_CONVERSION = YES;
				CLANG_WARN__DUPLICATE_METHOD_MATCH = YES;
				"CODE_SIGN_IDENTITY[sdk=iphoneos*]" = "iPhone Developer";
				COPY_PHASE_STRIP = YES;
				GCC_C_LANGUAGE_STANDARD = gnu99;
				GCC_WARN_ABOUT_RETURN_TYPE = YES;
				GCC_WARN_UNINITIALIZED_AUTOS = YES;
				GCC_WARN_UNUSED_VARIABLE = YES;
				IPHONEOS_DEPLOYMENT_TARGET = 6.1;
				OTHER_CFLAGS = "-DNS_BLOCK_ASSERTIONS=1";
				SDKROOT = iphoneos;
				TARGETED_DEVICE_FAMILY = "1,2";
				VALIDATE_PRODUCT = YES;
			};
			name = Release;
		};
		04F32A0B172FCE8000910751 /* Debug */ = {
			isa = XCBuildConfiguration;
			buildSettings = {
				CLANG_CXX_LANGUAGE_STANDARD = "compiler-default";
				CLANG_CXX_LIBRARY = "compiler-default";
				CLANG_ENABLE_OBJC_ARC = YES;
				FRAMEWORK_SEARCH_PATHS = (
					"$(inherited)",
					"$(SRCROOT)",
				);
				GCC_C_LANGUAGE_STANDARD = "compiler-default";
				GCC_PRECOMPILE_PREFIX_HEADER = YES;
				GCC_PREFIX_HEADER = "Template/Template-Prefix.pch";
				INFOPLIST_FILE = "Template/Template-Info.plist";
				PRODUCT_NAME = itmAR;
				VALID_ARCHS = armv7;
				WRAPPER_EXTENSION = app;
			};
			name = Debug;
		};
		04F32A0C172FCE8000910751 /* Release */ = {
			isa = XCBuildConfiguration;
			buildSettings = {
				CLANG_CXX_LANGUAGE_STANDARD = "compiler-default";
				CLANG_CXX_LIBRARY = "compiler-default";
				CLANG_ENABLE_OBJC_ARC = YES;
				FRAMEWORK_SEARCH_PATHS = (
					"$(inherited)",
					"$(SRCROOT)",
				);
				GCC_C_LANGUAGE_STANDARD = "compiler-default";
				GCC_PRECOMPILE_PREFIX_HEADER = YES;
				GCC_PREFIX_HEADER = "Template/Template-Prefix.pch";
				INFOPLIST_FILE = "Template/Template-Info.plist";
				PRODUCT_NAME = itmAR;
				VALID_ARCHS = armv7;
				WRAPPER_EXTENSION = app;
			};
			name = Release;
		};
/* End XCBuildConfiguration section */

/* Begin XCConfigurationList section */
		04F329DF172FCE8000910751 /* Build configuration list for PBXProject "Template" */ = {
			isa = XCConfigurationList;
			buildConfigurations = (
				04F32A08172FCE8000910751 /* Debug */,
				04F32A09172FCE8000910751 /* Release */,
			);
			defaultConfigurationIsVisible = 0;
			defaultConfigurationName = Release;
		};
		04F32A0A172FCE8000910751 /* Build configuration list for PBXNativeTarget "Template" */ = {
			isa = XCConfigurationList;
			buildConfigurations = (
				04F32A0B172FCE8000910751 /* Debug */,
				04F32A0C172FCE8000910751 /* Release */,
			);
			defaultConfigurationIsVisible = 0;
			defaultConfigurationName = Release;
		};
/* End XCConfigurationList section */
	};
	rootObject = 04F329DC172FCE8000910751 /* Project object */;
}
